
Microsoft Visual Studio Solution File, Format Version 12.00
# Visual Studio 15
VisualStudioVersion = 15.0.26430.14
MinimumVisualStudioVersion = 10.0.40219.1
Project("{FAE04EC0-301F-11D3-BF4B-00C04F79EFBC}") = "LG.DLFinance", "LG.DLFinance\LG.DLFinance.csproj", "{624DE9B7-1F77-4447-84A6-229BBD2DA073}"
EndProject
Project("{FAE04EC0-301F-11D3-BF4B-00C04F79EFBC}") = "LG.DLFinance.Tests", "LG.DLFinance.Tests\LG.DLFinance.Tests.csproj", "{59216E05-D57C-4296-BACB-F208079D1043}"
EndProject
Global
	GlobalSection(SolutionConfigurationPlatforms) = preSolution
		Debug|Any CPU = Debug|Any CPU
		Release|Any CPU = Release|Any CPU
	EndGlobalSection
	GlobalSection(ProjectConfigurationPlatforms) = postSolution
		{624DE9B7-1F77-4447-84A6-229BBD2DA073}.Debug|Any CPU.ActiveCfg = Debug|Any CPU
		{624DE9B7-1F77-4447-84A6-229BBD2DA073}.Debug|Any CPU.Build.0 = Debug|Any CPU
		{624DE9B7-1F77-4447-84A6-229BBD2DA073}.Release|Any CPU.ActiveCfg = Release|Any CPU
		{624DE9B7-1F77-4447-84A6-229BBD2DA073}.Release|Any CPU.Build.0 = Release|Any CPU
		{59216E05-D57C-4296-BACB-F208079D1043}.Debug|Any CPU.ActiveCfg = Debug|Any CPU
		{59216E05-D57C-4296-BACB-F208079D1043}.Debug|Any CPU.Build.0 = Debug|Any CPU
		{59216E05-D57C-4296-BACB-F208079D1043}.Release|Any CPU.ActiveCfg = Release|Any CPU
		{59216E05-D57C-4296-BACB-F208079D1043}.Release|Any CPU.Build.0 = Release|Any CPU
	EndGlobalSection
	GlobalSection(SolutionProperties) = preSolution
		HideSolutionNode = FALSE
	EndGlobalSection
	GlobalSection(ExtensibilityGlobals) = postSolution
		SolutionGuid = {ECC05821-E33D-4330-AAE3-2CE14015FDB5}
	EndGlobalSection
	GlobalSection(TeamFoundationVersionControl) = preSolution
		SccNumberOfProjects = 3
		SccEnterpriseProvider = {4CA58AB2-18FA-4F8D-95D4-32DDF27D184C}
		SccTeamFoundationServer = https://leegordon83.visualstudio.com/
		SccLocalPath0 = .
		SccProjectUniqueName1 = LG.DLFinance.Tests\\LG.DLFinance.Tests.csproj
		SccProjectName1 = LG.DLFinance.Tests
		SccLocalPath1 = LG.DLFinance.Tests
		SccProjectUniqueName2 = LG.DLFinance\\LG.DLFinance.csproj
		SccProjectName2 = LG.DLFinance
		SccLocalPath2 = LG.DLFinance
	EndGlobalSection
EndGlobal
